{
  "version": 1,
  "dependencies": {
    ".NETCoreApp,Version=v3.0": {
      "Flurl": {
        "type": "Direct",
        "requested": "[2.8.2, )",
        "resolved": "2.8.2",
        "contentHash": "3VEYAqkGTGHgla4xuyEB4d8XGLeMX2k05C4WfI7YmKQHsL7RhoGu3L6h1xsKKTPFWjEL13p09XOIGwD1pQ86dg=="
      },
      "Flurl.Http": {
        "type": "Direct",
        "requested": "[2.4.2, )",
        "resolved": "2.4.2",
        "contentHash": "VfSJ0DKzh6kf2IOZGG1/JpHajhtqzGp1t+M1QSyFGse7c4Gg1DpH80LTveYea2hV1BEtvPPEp6A4iZ78D8bxGQ==",
        "dependencies": {
          "Flurl": "2.8.2",
          "Newtonsoft.Json": "12.0.2",
          "System.Text.Encoding.CodePages": "4.5.1"
        }
      },
      "Microsoft.AspNet.WebApi.Client": {
        "type": "Direct",
        "requested": "[5.2.7, )",
        "resolved": "5.2.7",
        "contentHash": "S8hfceUny5C0+yf3B1q6Ey3fysbH4cowYacnI7t1LIX53pFUplNLwxZgmNK2GkNw/hE68Q3Ay+3NiS0eVyR3Sg==",
        "dependencies": {
          "Newtonsoft.Json": "10.0.1",
          "Newtonsoft.Json.Bson": "1.0.1"
        }
      },
      "Microsoft.SourceLink.GitHub": {
        "type": "Direct",
        "requested": "[1.0.0, )",
        "resolved": "1.0.0",
        "contentHash": "aZyGyGg2nFSxix+xMkPmlmZSsnGQ3w+mIG23LTxJZHN+GPwTQ5FpPgDo7RMOq+Kcf5D4hFWfXkGhoGstawX13Q==",
        "dependencies": {
          "Microsoft.Build.Tasks.Git": "1.0.0",
          "Microsoft.SourceLink.Common": "1.0.0"
        }
      },
      "Newtonsoft.Json": {
        "type": "Direct",
        "requested": "[12.0.3, )",
        "resolved": "12.0.3",
        "contentHash": "6mgjfnRB4jKMlzHSl+VD+oUc1IebOZabkbyWj2RiTgWwYPPuaK1H97G1sHqGwPlS5npiF5Q0OrxN1wni2n5QWg=="
      },
      "PocketLogger.Subscribe": {
        "type": "Direct",
        "requested": "[0.6.1, )",
        "resolved": "0.6.1",
        "contentHash": "nNchccEHQ20FZeM9zeXMQKh2R3XMgymh+sxs2xeWKqXQe5LnjrUYDJ+oqu5a6uttzp/nrMO+ZxWGwXFZDwG3yA==",
        "dependencies": {
          "Pocket.Disposable": "[1.0.4, 2.0.0)",
          "Pocket.TypeDiscovery": "0.4.0",
          "PocketLogger": "[0.3.0, 0.4.0)"
        }
      },
      "Polly": {
        "type": "Direct",
        "requested": "[7.2.0, )",
        "resolved": "7.2.0",
        "contentHash": "fbtSRyqVSd5AS7O4Pm2Mnw7zKKJk7Z3rOfNnKSTfPkTxM8Z1JJFZzzjqLAOTG6AyUkormSWMO2AhdlygF/384Q=="
      },
      "System.CommandLine.Experimental": {
        "type": "Direct",
        "requested": "[0.2.0-alpha.19174.3, )",
        "resolved": "0.2.0-alpha.19174.3",
        "contentHash": "PTJCVcj0rkIYPZzKZbU4uLdEvosmnX2CQR98rY6+efIn96zRtbljl74sPFRFZlLxeLprt42FeZNsYH+QdxCHPA==",
        "dependencies": {
          "Microsoft.CSharp": "4.4.1"
        }
      },
      "System.Interactive": {
        "type": "Direct",
        "requested": "[4.0.0, )",
        "resolved": "4.0.0",
        "contentHash": "wZY3/hV80Sa4UI59RTFqcohfzZ8P+Ny9jdlm2tXVssdqiKvC1FmCQANq3QP+sOXsDvOH0Ci3/vcFlbh/tz9JZg=="
      },
      "Microsoft.Build.Tasks.Git": {
        "type": "Transitive",
        "resolved": "1.0.0",
        "contentHash": "z2fpmmt+1Jfl+ZnBki9nSP08S1/tbEOxFdsK1rSR+LBehIJz1Xv9/6qOOoGNqlwnAGGVGis1Oj6S8Kt9COEYlQ=="
      },
      "Microsoft.CSharp": {
        "type": "Transitive",
        "resolved": "4.4.1",
        "contentHash": "k7K8d05SCS3vty51WHcBS080CMW+jEjDwUOFJPc+sdjNd8LQFKkv2TFjNSKZlbh3BLlmAE/KqSwb6P8YCirOvA=="
      },
      "Microsoft.NETCore.Platforms": {
        "type": "Transitive",
        "resolved": "2.1.2",
        "contentHash": "3aEMpU6VFYD792seIxRDxf5ucnH/HR6hLL1AeZROIc/rJpsw1Ctp2YoCXQDAz7CU20AU/W6w+OmuGFu/eyM6Vw=="
      },
      "Microsoft.NETCore.Targets": {
        "type": "Transitive",
        "resolved": "1.1.0",
        "contentHash": "/hLM73XVFqnW1uCXsJ9cnrNpAypHmJ3qV5UPi1JDtCxE6WEN+6WYmPbggDPeurZy081TrurtF03PZ8fuBnY+Fw=="
      },
      "Microsoft.SourceLink.Common": {
        "type": "Transitive",
        "resolved": "1.0.0",
        "contentHash": "G8DuQY8/DK5NN+3jm5wcMcd9QYD90UV7MiLmdljSJixi3U/vNaeBKmmXUqI4DJCOeWizIUEh4ALhSt58mR+5eg=="
      },
      "Microsoft.Win32.Primitives": {
        "type": "Transitive",
        "resolved": "4.3.0",
        "contentHash": "F9SU2dIClqarKiDbGbRjX1d8HLKqwMzSLvwlCeobQRxeu86gm1kMnGdavjq2VK13tuClAdrZziG/rK4EdTSkpg==",
        "dependencies": {
          "Microsoft.NETCore.Platforms": "1.1.0",
          "Microsoft.NETCore.Targets": "1.1.0",
          "System.Runtime": "4.3.0"
        }
      },
      "NETStandard.Library": {
        "type": "Transitive",
        "resolved": "1.6.1",
        "contentHash": "4XEOFwMO3dbKcerQWyhhRL8lMB1QDXo/jdoFXGXAhkl+fEAAYEYU5qUEkj2PFBknm+Tlyg4DeakhRlVtkRp+6g==",
        "dependencies": {
          "Microsoft.NETCore.Platforms": "1.1.0",
          "Microsoft.Win32.Primitives": "4.3.0",
          "System.AppContext": "4.3.0",
          "System.Collections": "4.3.0",
          "System.Collections.Concurrent": "4.3.0",
          "System.Console": "4.3.0",
          "System.Diagnostics.Debug": "4.3.0",
          "System.Diagnostics.Tools": "4.3.0",
          "System.Diagnostics.Tracing": "4.3.0",
          "System.Globalization": "4.3.0",
          "System.Globalization.Calendars": "4.3.0",
          "System.IO": "4.3.0",
          "System.IO.Compression": "4.3.0",
          "System.IO.Compression.ZipFile": "4.3.0",
          "System.IO.FileSystem": "4.3.0",
          "System.IO.FileSystem.Primitives": "4.3.0",
          "System.Linq": "4.3.0",
          "System.Linq.Expressions": "4.3.0",
          "System.Net.Http": "4.3.0",
          "System.Net.Primitives": "4.3.0",
          "System.Net.Sockets": "4.3.0",
          "System.ObjectModel": "4.3.0",
          "System.Reflection": "4.3.0",
          "System.Reflection.Extensions": "4.3.0",
          "System.Reflection.Primitives": "4.3.0",
          "System.Resources.ResourceManager": "4.3.0",
          "System.Runtime": "4.3.0",
          "System.Runtime.Extensions": "4.3.0",
          "System.Runtime.Handles": "4.3.0",
          "System.Runtime.InteropServices": "4.3.0",
          "System.Runtime.InteropServices.RuntimeInformation": "4.3.0",
          "System.Runtime.Numerics": "4.3.0",
          "System.Security.Cryptography.Algorithms": "4.3.0",
          "System.Security.Cryptography.Encoding": "4.3.0",
          "System.Security.Cryptography.Primitives": "4.3.0",
          "System.Security.Cryptography.X509Certificates": "4.3.0",
          "System.Text.Encoding": "4.3.0",
          "System.Text.Encoding.Extensions": "4.3.0",
          "System.Text.RegularExpressions": "4.3.0",
          "System.Threading": "4.3.0",
          "System.Threading.Tasks": "4.3.0",
          "System.Threading.Timer": "4.3.0",
          "System.Xml.ReaderWriter": "4.3.0",
          "System.Xml.XDocument": "4.3.0"
        }
      },
      "Newtonsoft.Json.Bson": {
        "type": "Transitive",
        "resolved": "1.0.1",
        "contentHash": "5PYT/IqQ+UK31AmZiSS102R6EsTo+LGTSI8bp7WAUqDKaF4wHXD8U9u4WxTI1vc64tYi++8p3dk3WWNqPFgldw==",
        "dependencies": {
          "NETStandard.Library": "1.6.1",
          "Newtonsoft.Json": "10.0.1"
        }
      },
      "Pocket.Disposable": {
        "type": "Transitive",
        "resolved": "1.0.4",
        "contentHash": "l5//VPgwkbeSNY4N0tEncoKLWxAqlUrQTB1dQBv6LCtQwZX4oC/ZNCvBOFZ/KMOTtwYSDrOXGBT+CCoViEbYnw=="
      },
      "Pocket.TypeDiscovery": {
        "type": "Transitive",
        "resolved": "0.4.0",
        "contentHash": "1T8PtDrKbCdriRe9b66Cg3lTLIBZR5Iq+Zlq/B13q5NQHKzwq8BP79ynGVLfQFVZb9hFpzNKTwxGqwDgP4XX2w=="
      },
      "PocketLogger": {
        "type": "Transitive",
        "resolved": "0.3.0",
        "contentHash": "6SvV665MNMoaLQbJf7MboPkNBSc1SUTWZSOM71ilLFdVL6DcrDJWcTYl8CduR8lOVzWoE3eimOIGiRAWDDkGkQ==",
        "dependencies": {
          "System.Diagnostics.DiagnosticSource": "4.4.0",
          "System.ValueTuple": "4.3.1"
        }
      },
      "runtime.debian.8-x64.runtime.native.System.Security.Cryptography.OpenSsl": {
        "type": "Transitive",
        "resolved": "4.3.0",
        "contentHash": "B5Op13GRsNQ0CkI+yg/9rm3M9f9CEYjAK3mZi6XUjlsAnXAOkf+G0nEtiYQdbZhURVa8GjTjiyKbYSh5YRfXNA=="
      },
      "runtime.fedora.23-x64.runtime.native.System.Security.Cryptography.OpenSsl": {
        "type": "Transitive",
        "resolved": "4.3.0",
        "contentHash": "yusecK9zh8iCm3c4aPA78giLR5PRNbWOyExnH1Ty31QdwWU5JugdcA8XzFr8OWGg0tuqZZ1eGgJXdtAz7NgwxA=="
      },
      "runtime.fedora.24-x64.runtime.native.System.Security.Cryptography.OpenSsl": {
        "type": "Transitive",
        "resolved": "4.3.0",
        "contentHash": "dH3hslNs6LAb3sOHHrdQ8kbQlZyPfYV/Aa4QAz0DETWipG1DlY7akjeqc3lfX6lnzg+RbBhvrcTUNzIWWIN8kg=="
      },
      "runtime.native.System": {
        "type": "Transitive",
        "resolved": "4.3.0",
        "contentHash": "ZBY6CVzLb0xDAZx0OX5djb794KlDv7p49YzMPNIq6czKU+yKWAhrPbKB/jcSYES5W4zb23Y0coMNLC9drMWU/A==",
        "dependencies": {
          "Microsoft.NETCore.Platforms": "1.1.0",
          "Microsoft.NETCore.Targets": "1.1.0"
        }
      },
      "runtime.native.System.IO.Compression": {
        "type": "Transitive",
        "resolved": "4.3.0",
        "contentHash": "vJq2/g1Lk1BtHZW2EpHaXsIiQmtVHJ3w1TTeFkawCM42YQnVM5R9NRGFy/kwue53VbPLcUGrvDeHx3dPG2UcgA==",
        "dependencies": {
          "Microsoft.NETCore.Platforms": "1.1.0",
          "Microsoft.NETCore.Targets": "1.1.0"
        }
      },
      "runtime.native.System.Net.Http": {
        "type": "Transitive",
        "resolved": "4.3.0",
        "contentHash": "+AFl4Q6ndqzcbeAiVt9sWbE1uFUNV9rn/xm54wGiuIZhfYu1G3WA876hPAsI7SQqhn+xukulPYDjaib6EzH5cA==",
        "dependencies": {
          "Microsoft.NETCore.Platforms": "1.1.0",
          "Microsoft.NETCore.Targets": "1.1.0"
        }
      },
      "runtime.native.System.Security.Cryptography.Apple": {
        "type": "Transitive",
        "resolved": "4.3.0",
        "contentHash": "qwT/EsfFXh2jyQp7W6QmyGgi1k3zzyznKaa0xhqUwONboB0Hyp3ytOt0te/oGss+59Dacv4Pynj3WR4MR3AC7g==",
        "dependencies": {
          "runtime.osx.10.10-x64.runtime.native.System.Security.Cryptography.Apple": "4.3.0"
        }
      },
      "runtime.native.System.Security.Cryptography.OpenSsl": {
        "type": "Transitive",
        "resolved": "4.3.0",
        "contentHash": "rdbSfpLVO9Jx2PbW477TugV6JC3lXqQRPqb7WANYje9mSVKr/IgLVksSFF+yRpPyjhS3xVCjE3J0hZMPb7BpCA==",
        "dependencies": {
          "runtime.debian.8-x64.runtime.native.System.Security.Cryptography.OpenSsl": "4.3.0",
          "runtime.fedora.23-x64.runtime.native.System.Security.Cryptography.OpenSsl": "4.3.0",
          "runtime.fedora.24-x64.runtime.native.System.Security.Cryptography.OpenSsl": "4.3.0",
          "runtime.opensuse.13.2-x64.runtime.native.System.Security.Cryptography.OpenSsl": "4.3.0",
          "runtime.opensuse.42.1-x64.runtime.native.System.Security.Cryptography.OpenSsl": "4.3.0",
          "runtime.osx.10.10-x64.runtime.native.System.Security.Cryptography.OpenSsl": "4.3.0",
          "runtime.rhel.7-x64.runtime.native.System.Security.Cryptography.OpenSsl": "4.3.0",
          "runtime.ubuntu.14.04-x64.runtime.native.System.Security.Cryptography.OpenSsl": "4.3.0",
          "runtime.ubuntu.16.04-x64.runtime.native.System.Security.Cryptography.OpenSsl": "4.3.0",
          "runtime.ubuntu.16.10-x64.runtime.native.System.Security.Cryptography.OpenSsl": "4.3.0"
        }
      },
      "runtime.opensuse.13.2-x64.runtime.native.System.Security.Cryptography.OpenSsl": {
        "type": "Transitive",
        "resolved": "4.3.0",
        "contentHash": "jw9rb2if97Nd631n9GeSMeBTDbDH6VEtly11/o/+EXPHHvud9RXNhBqGMDc+6KZF9vy/7jd/zt7Iy6A0ghUVPQ=="
      },
      "runtime.opensuse.42.1-x64.runtime.native.System.Security.Cryptography.OpenSsl": {
        "type": "Transitive",
        "resolved": "4.3.0",
        "contentHash": "w3qvd4A85mOnx8DfwUpCLFWU2C8xU0UPbXsKugA6DXZs/mXVD8wp1n3p0hribgmXMXsL9+RIVw1mQ+TKFbHosw=="
      },
      "runtime.osx.10.10-x64.runtime.native.System.Security.Cryptography.Apple": {
        "type": "Transitive",
        "resolved": "4.3.0",
        "contentHash": "oxUBr3Rw9nW5L8nCippouqsGc2r9YpoJtBxZeibPLyHZFGgyDVmBWu+aePscQscnIplXwjGyUElJPszc8/XASA=="
      },
      "runtime.osx.10.10-x64.runtime.native.System.Security.Cryptography.OpenSsl": {
        "type": "Transitive",
        "resolved": "4.3.0",
        "contentHash": "4eFWQLfH1/TEP9J0qLvDhP/uyj3dExbLGMhEQqs3I+jCy/jKLMm9JYt6rI/jZTKEIQ0zoOCFdYegLavoWDjwdQ=="
      },
      "runtime.rhel.7-x64.runtime.native.System.Security.Cryptography.OpenSsl": {
        "type": "Transitive",
        "resolved": "4.3.0",
        "contentHash": "0vngsethNxlzr9P96VDlYNxgoVuv0ssB6sc+zbbW6r+Ei5sqBUOX7at7fVP5Reqx48xYNZrA02M5QPXMMG90OQ=="
      },
      "runtime.ubuntu.14.04-x64.runtime.native.System.Security.Cryptography.OpenSsl": {
        "type": "Transitive",
        "resolved": "4.3.0",
        "contentHash": "h0tiagics3ttkWbpmWTdI10P2pYg1hEdJYeWFj12osDZsTLEc0EZKhtxhQ1ryMl9mA/LiWSVxNjNXl7Gjbuxmg=="
      },
      "runtime.ubuntu.16.04-x64.runtime.native.System.Security.Cryptography.OpenSsl": {
        "type": "Transitive",
        "resolved": "4.3.0",
        "contentHash": "vc/32rVK6aBZTEj2M+AMc+x7OACOaSHy4iY/EEkl0m/zCbGdOHeM3/uXrwhtbnuRpEAkhd3hKmolYjwhh7pesQ=="
      },
      "runtime.ubuntu.16.10-x64.runtime.native.System.Security.Cryptography.OpenSsl": {
        "type": "Transitive",
        "resolved": "4.3.0",
        "contentHash": "ZSVhM5DEsoA37tMf4byqVs7YWkALSj9eHb8zzjrFpnuQBdxJ1Htlxz7T0rIlOT2vUTmQx73aM+OeI6uPSBuj7A=="
      },
      "System.AppContext": {
        "type": "Transitive",
        "resolved": "4.3.0",
        "contentHash": "IHDuGGhdvT3efPVjI9Cd5VmWyuttpZCvUAgBDL5pm0lK6I+vwcIBFcCparh7UoY60Q1B9awql/IgLfXBd81ByA==",
        "dependencies": {
          "System.Runtime": "4.3.0"
        }
      },
      "System.Buffers": {
        "type": "Transitive",
        "resolved": "4.3.0",
        "contentHash": "xNgt7N/kK6Bn4w1dNVhk0zUhp+HHt+/De6OpPnTMsXzv+ftrG3fBTnUFDTYJRnlm0VGzgLOSmWM/rP34Lr3zeg==",
        "dependencies": {
          "System.Diagnostics.Debug": "4.3.0",
          "System.Diagnostics.Tracing": "4.3.0",
          "System.Resources.ResourceManager": "4.3.0",
          "System.Runtime": "4.3.0",
          "System.Threading": "4.3.0"
        }
      },
      "System.Collections": {
        "type": "Transitive",
        "resolved": "4.3.0",
        "contentHash": "aaDM1EHjB/rtmmSgM5qFSi3206JF6J2fuqJvyzC5Oj0TZ7auERUc9mbjfuaAbe+/dVHeCMEpMbFrbOBP2zqCTg==",
        "dependencies": {
          "Microsoft.NETCore.Platforms": "1.1.0",
          "Microsoft.NETCore.Targets": "1.1.0",
          "System.Runtime": "4.3.0"
        }
      },
      "System.Collections.Concurrent": {
        "type": "Transitive",
        "resolved": "4.3.0",
        "contentHash": "bEtsn5XOZTluWxwAIXtwfG2DiVrFqYlN1vyGi4Sfaun7rND6oyfKht1Qjps2LL5u09m1Sle7chtfDE7tHC8A5g==",
        "dependencies": {
          "System.Collections": "4.3.0",
          "System.Diagnostics.Debug": "4.3.0",
          "System.Diagnostics.Tracing": "4.3.0",
          "System.Globalization": "4.3.0",
          "System.Reflection": "4.3.0",
          "System.Resources.ResourceManager": "4.3.0",
          "System.Runtime": "4.3.0",
          "System.Runtime.Extensions": "4.3.0",
          "System.Threading": "4.3.0",
          "System.Threading.Tasks": "4.3.0"
        }
      },
      "System.Console": {
        "type": "Transitive",
        "resolved": "4.3.0",
        "contentHash": "A+OYY6Hc/I+36EWVStwSAYZsx0Gs42mY9eSW63MlmT/dNAHHKhDA8U0YZYirpNqs9jBOJmnyhu5g1A3X1SG5RQ==",
        "dependencies": {
          "Microsoft.NETCore.Platforms": "1.1.0",
          "Microsoft.NETCore.Targets": "1.1.0",
          "System.IO": "4.3.0",
          "System.Runtime": "4.3.0",
          "System.Text.Encoding": "4.3.0"
        }
      },
      "System.Diagnostics.Debug": {
        "type": "Transitive",
        "resolved": "4.3.0",
        "contentHash": "q9ATqW/QnGDcrG5yl/Ah4SzlNaJLLSD6NhCaQp3I7xaFC6RfkG2Bdrpy22/0Qpx46rETZgljVoVSyEOIzDPdlA==",
        "dependencies": {
          "Microsoft.NETCore.Platforms": "1.1.0",
          "Microsoft.NETCore.Targets": "1.1.0",
          "System.Runtime": "4.3.0"
        }
      },
      "System.Diagnostics.DiagnosticSource": {
        "type": "Transitive",
        "resolved": "4.4.0",
        "contentHash": "2SMt95w+TKf2fth4mSlqn1AVNSmFDQkdTVmUe6D/oP1atzVU0vxTb+iDP+IHNQB1qSbYkWNoPN55SaMsGUe68A=="
      },
      "System.Diagnostics.Tools": {
        "type": "Transitive",
        "resolved": "4.3.0",
        "contentHash": "fChUGqOaTyKu9GoP5dgD4KbX+EYqaVxTnGTWVSpPOPIiR36N3D4/AEUJljNJT9QDY05lOrVvei78PH9v5emW2Q==",
        "dependencies": {
          "Microsoft.NETCore.Platforms": "1.1.0",
          "Microsoft.NETCore.Targets": "1.1.0",
          "System.Runtime": "4.3.0"
        }
      },
      "System.Diagnostics.Tracing": {
        "type": "Transitive",
        "resolved": "4.3.0",
        "contentHash": "N/2I9qydLdcZF2pi/UHRrMqoQSMrI0Z4RNhoRfwVLByQTwhY+PZhzmCZZQvOEGaQDJeVu1wpKMXfUyx2MLphBw==",
        "dependencies": {
          "Microsoft.NETCore.Platforms": "1.1.0",
          "Microsoft.NETCore.Targets": "1.1.0",
          "System.Runtime": "4.3.0"
        }
      },
      "System.Globalization": {
        "type": "Transitive",
        "resolved": "4.3.0",
        "contentHash": "AMjqBwWyYnxYZRptCQhLyYqbA7bUNv0mQPY24UCGt8wa09xgOt+tG7+qLD4GU++bGpGYSB9xlN7FEE6+MDvSMQ==",
        "dependencies": {
          "Microsoft.NETCore.Platforms": "1.1.0",
          "Microsoft.NETCore.Targets": "1.1.0",
          "System.Runtime": "4.3.0"
        }
      },
      "System.Globalization.Calendars": {
        "type": "Transitive",
        "resolved": "4.3.0",
        "contentHash": "YRhkMuqEl99+zUvhsNsEeYm2Qp413HenJa5giYFg9IAyARovRLYeHzcCAOLi23kpB0teXi13kOoFtNXCROdilw==",
        "dependencies": {
          "Microsoft.NETCore.Platforms": "1.1.0",
          "Microsoft.NETCore.Targets": "1.1.0",
          "System.Globalization": "4.3.0",
          "System.Runtime": "4.3.0"
        }
      },
      "System.Globalization.Extensions": {
        "type": "Transitive",
        "resolved": "4.3.0",
        "contentHash": "IUq3mlRUhw4lLsJxfS2hKq9UdVkJ0y+G0/LWj9qHizkIx/Drz66SXwqwWh9zwTuCkxpmX/Mn/wx86wZZuakTCg==",
        "dependencies": {
          "Microsoft.NETCore.Platforms": "1.1.0",
          "System.Globalization": "4.3.0",
          "System.Resources.ResourceManager": "4.3.0",
          "System.Runtime": "4.3.0",
          "System.Runtime.Extensions": "4.3.0",
          "System.Runtime.InteropServices": "4.3.0"
        }
      },
      "System.IO": {
        "type": "Transitive",
        "resolved": "4.3.0",
        "contentHash": "5uOH8+6R8qE9rzzIBHuV3rxPfoy0Vo3lIGWftkf3E6cRJ5v+P7us9jqKSnZoZB2mV2eEiuQnCjFygU2u0UcjDQ==",
        "dependencies": {
          "Microsoft.NETCore.Platforms": "1.1.0",
          "Microsoft.NETCore.Targets": "1.1.0",
          "System.Runtime": "4.3.0",
          "System.Text.Encoding": "4.3.0",
          "System.Threading.Tasks": "4.3.0"
        }
      },
      "System.IO.Compression": {
        "type": "Transitive",
        "resolved": "4.3.0",
        "contentHash": "ZKT2+s/ZiEMLoeamFhTA5ROIrUpWyX8RewrcsexSK7KPpnoIOpzViwC3QK1NvEyDHeGNceR1qnyAPovbJxYsfQ==",
        "dependencies": {
          "Microsoft.NETCore.Platforms": "1.1.0",
          "System.Buffers": "4.3.0",
          "System.Collections": "4.3.0",
          "System.Diagnostics.Debug": "4.3.0",
          "System.IO": "4.3.0",
          "System.Resources.ResourceManager": "4.3.0",
          "System.Runtime": "4.3.0",
          "System.Runtime.Extensions": "4.3.0",
          "System.Runtime.Handles": "4.3.0",
          "System.Runtime.InteropServices": "4.3.0",
          "System.Text.Encoding": "4.3.0",
          "System.Threading": "4.3.0",
          "System.Threading.Tasks": "4.3.0",
          "runtime.native.System": "4.3.0",
          "runtime.native.System.IO.Compression": "4.3.0"
        }
      },
      "System.IO.Compression.ZipFile": {
        "type": "Transitive",
        "resolved": "4.3.0",
        "contentHash": "9HAmJT+rMJAKVMU45SJTQd4N7AKQRYRNa+VvTLN7v8KT4xwIxrMmiEmD4jgTvzIuqd+UDBL23C8TNEOSZ/02Fw==",
        "dependencies": {
          "System.Buffers": "4.3.0",
          "System.IO": "4.3.0",
          "System.IO.Compression": "4.3.0",
          "System.IO.FileSystem": "4.3.0",
          "System.IO.FileSystem.Primitives": "4.3.0",
          "System.Resources.ResourceManager": "4.3.0",
          "System.Runtime": "4.3.0",
          "System.Runtime.Extensions": "4.3.0",
          "System.Text.Encoding": "4.3.0"
        }
      },
      "System.IO.FileSystem": {
        "type": "Transitive",
        "resolved": "4.3.0",
        "contentHash": "PTH+mhUhVNQNcvKKp25PPD9jgaY0BNaZVUqMXsINTwb0Xe8lLPOb4fwJj4nJdNn2j8ds/OIubUu+SbO65XpCwg==",
        "dependencies": {
          "Microsoft.NETCore.Platforms": "1.1.0",
          "Microsoft.NETCore.Targets": "1.1.0",
          "System.IO": "4.3.0",
          "System.IO.FileSystem.Primitives": "4.3.0",
          "System.Runtime": "4.3.0",
          "System.Runtime.Handles": "4.3.0",
          "System.Text.Encoding": "4.3.0",
          "System.Threading.Tasks": "4.3.0"
        }
      },
      "System.IO.FileSystem.Primitives": {
        "type": "Transitive",
        "resolved": "4.3.0",
        "contentHash": "2KacU6IywW5lbHke76+nFEpAhlWln7VoBCY6U7+5NqZ+yoh50lhLEgJuNMlLM6xp7kI7DUtchAGEYYfRvh5xIg==",
        "dependencies": {
          "System.Runtime": "4.3.0"
        }
      },
      "System.Linq": {
        "type": "Transitive",
        "resolved": "4.3.0",
        "contentHash": "iwaap1TpunbNf0G1GBxbgofdiUnYhSGpjjI9NjDnvDzJEOsuJAVAB+aEqTH09upmgcbXoD6JgcDobHs86rEw6g==",
        "dependencies": {
          "System.Collections": "4.3.0",
          "System.Diagnostics.Debug": "4.3.0",
          "System.Resources.ResourceManager": "4.3.0",
          "System.Runtime": "4.3.0",
          "System.Runtime.Extensions": "4.3.0"
        }
      },
      "System.Linq.Expressions": {
        "type": "Transitive",
        "resolved": "4.3.0",
        "contentHash": "TpEdOK2cRu1vLkbd17DvnKDNltHvx4uZW/Ndw311oaC0FiwFmdTlQx4kI7c1Ud4zqfT9yhEE8E4E7paIe8uX8g==",
        "dependencies": {
          "System.Collections": "4.3.0",
          "System.Diagnostics.Debug": "4.3.0",
          "System.Globalization": "4.3.0",
          "System.IO": "4.3.0",
          "System.Linq": "4.3.0",
          "System.ObjectModel": "4.3.0",
          "System.Reflection": "4.3.0",
          "System.Reflection.Emit": "4.3.0",
          "System.Reflection.Emit.ILGeneration": "4.3.0",
          "System.Reflection.Emit.Lightweight": "4.3.0",
          "System.Reflection.Extensions": "4.3.0",
          "System.Reflection.Primitives": "4.3.0",
          "System.Reflection.TypeExtensions": "4.3.0",
          "System.Resources.ResourceManager": "4.3.0",
          "System.Runtime": "4.3.0",
          "System.Runtime.Extensions": "4.3.0",
          "System.Threading": "4.3.0"
        }
      },
      "System.Net.Http": {
        "type": "Transitive",
        "resolved": "4.3.0",
        "contentHash": "z1jYn+Va3Fd1WS6wKltqGEktS8FSRZpjmXecbd4dlF8vTP6lrUNbuP5j5V3trnt0GZPcMc22/T3YKYXpaJ2aTA==",
        "dependencies": {
          "Microsoft.NETCore.Platforms": "1.1.0",
          "System.Collections": "4.3.0",
          "System.Diagnostics.Debug": "4.3.0",
          "System.Diagnostics.DiagnosticSource": "4.3.0",
          "System.Diagnostics.Tracing": "4.3.0",
          "System.Globalization": "4.3.0",
          "System.Globalization.Extensions": "4.3.0",
          "System.IO": "4.3.0",
          "System.IO.FileSystem": "4.3.0",
          "System.Net.Primitives": "4.3.0",
          "System.Resources.ResourceManager": "4.3.0",
          "System.Runtime": "4.3.0",
          "System.Runtime.Extensions": "4.3.0",
          "System.Runtime.Handles": "4.3.0",
          "System.Runtime.InteropServices": "4.3.0",
          "System.Security.Cryptography.Algorithms": "4.3.0",
          "System.Security.Cryptography.Encoding": "4.3.0",
          "System.Security.Cryptography.OpenSsl": "4.3.0",
          "System.Security.Cryptography.Primitives": "4.3.0",
          "System.Security.Cryptography.X509Certificates": "4.3.0",
          "System.Text.Encoding": "4.3.0",
          "System.Threading": "4.3.0",
          "System.Threading.Tasks": "4.3.0",
          "runtime.native.System": "4.3.0",
          "runtime.native.System.Net.Http": "4.3.0",
          "runtime.native.System.Security.Cryptography.OpenSsl": "4.3.0"
        }
      },
      "System.Net.Primitives": {
        "type": "Transitive",
        "resolved": "4.3.0",
        "contentHash": "E3pBBFWU6q5zDu2e3mPR6kAoDU6UTluewmcQigktm5Eg6YPMPFx3nKXLUPzyYjTQ/7t7NQpmhG/dQm7Z38fmWg==",
        "dependencies": {
          "Microsoft.NETCore.Platforms": "1.1.0",
          "Microsoft.NETCore.Targets": "1.1.0",
          "System.Runtime": "4.3.0",
          "System.Runtime.Handles": "4.3.0"
        }
      },
      "System.Net.Sockets": {
        "type": "Transitive",
        "resolved": "4.3.0",
        "contentHash": "uu+C5lIbBJxOf4fIufwSbBTNGKvuw4c8pFxApzlFc8CMtpFcF1s4feBdcuKyTjT9FmijtZgTIs/CAbC8uto7fw==",
        "dependencies": {
          "Microsoft.NETCore.Platforms": "1.1.0",
          "Microsoft.NETCore.Targets": "1.1.0",
          "System.IO": "4.3.0",
          "System.Net.Primitives": "4.3.0",
          "System.Runtime": "4.3.0",
          "System.Threading.Tasks": "4.3.0"
        }
      },
      "System.ObjectModel": {
        "type": "Transitive",
        "resolved": "4.3.0",
        "contentHash": "mGW3IAuNiscbuVXoSNG96kCXu4X33obY+NVaGpfC8Vy/uUzaRHva5z/IQDx7EZOMVT8mIc2sU3vIH/zSNoQ11g==",
        "dependencies": {
          "System.Collections": "4.3.0",
          "System.Diagnostics.Debug": "4.3.0",
          "System.Resources.ResourceManager": "4.3.0",
          "System.Runtime": "4.3.0",
          "System.Threading": "4.3.0"
        }
      },
      "System.Reflection": {
        "type": "Transitive",
        "resolved": "4.3.0",
        "contentHash": "8lARomOPSfj1Id8eoAFhAYUUH8UhgwxaSqY7Iy/1otqzLD8NClc7sb+BDtni1MEbXDB4j//MmpYyy8egJpdnAw==",
        "dependencies": {
          "Microsoft.NETCore.Platforms": "1.1.0",
          "Microsoft.NETCore.Targets": "1.1.0",
          "System.IO": "4.3.0",
          "System.Reflection.Primitives": "4.3.0",
          "System.Runtime": "4.3.0"
        }
      },
      "System.Reflection.Emit": {
        "type": "Transitive",
        "resolved": "4.3.0",
        "contentHash": "stqvJkbqfCJ4g8KWTFbFG2LjRzhDu+mwomM0eHt1iNuEuF85wzYqQ9cT8hke1vXH2GA7ronikfei4I8mm0IrNA==",
        "dependencies": {
          "System.IO": "4.3.0",
          "System.Reflection": "4.3.0",
          "System.Reflection.Emit.ILGeneration": "4.3.0",
          "System.Reflection.Primitives": "4.3.0",
          "System.Runtime": "4.3.0"
        }
      },
      "System.Reflection.Emit.ILGeneration": {
        "type": "Transitive",
        "resolved": "4.3.0",
        "contentHash": "RZhuLzcQXhIFtGY2UaN2RQ8pcLqUA4f7p7TAxtrB6JAwanTtxKbmu9WeXlb7y0rYe6wXFsXdgEbs82boV/GYew==",
        "dependencies": {
          "System.Reflection": "4.3.0",
          "System.Reflection.Primitives": "4.3.0",
          "System.Runtime": "4.3.0"
        }
      },
      "System.Reflection.Emit.Lightweight": {
        "type": "Transitive",
        "resolved": "4.3.0",
        "contentHash": "udOT46AoUafFhy2iS9zmP//lLLvg6FwuXGzcMljBdrtXC5bOnLUUU7J6b+wd7LSsFJsTGpCCXJ3wJNWP0WPl/Q==",
        "dependencies": {
          "System.Reflection": "4.3.0",
          "System.Reflection.Emit.ILGeneration": "4.3.0",
          "System.Reflection.Primitives": "4.3.0",
          "System.Runtime": "4.3.0"
        }
      },
      "System.Reflection.Extensions": {
        "type": "Transitive",
        "resolved": "4.3.0",
        "contentHash": "25+l3WwbuO11HWmGWM95hSILf+PGPmJWx/7+WncyIGAtkdu7KwcxyDd8iw9UySFi3FD0FIHm195Pds+pBaz14g==",
        "dependencies": {
          "Microsoft.NETCore.Platforms": "1.1.0",
          "Microsoft.NETCore.Targets": "1.1.0",
          "System.Reflection": "4.3.0",
          "System.Runtime": "4.3.0"
        }
      },
      "System.Reflection.Primitives": {
        "type": "Transitive",
        "resolved": "4.3.0",
        "contentHash": "E64Z81BS6zqK1BzmHehruTQseK6xxy4NnuHHCkLdFOM2bGE7bvR+Xu7ZV6Li1jDgvGldmjCzj4rruUpQcMH9QQ==",
        "dependencies": {
          "Microsoft.NETCore.Platforms": "1.1.0",
          "Microsoft.NETCore.Targets": "1.1.0",
          "System.Runtime": "4.3.0"
        }
      },
      "System.Reflection.TypeExtensions": {
        "type": "Transitive",
        "resolved": "4.3.0",
        "contentHash": "2thatF6SLLX9xz0Woj9ZFzc0l53lFs1+Kqu7tcwMwJlyIlAzS80JOz7bzJvMQ/sIfKifgR/A95WQ5/Qo01Tm8Q==",
        "dependencies": {
          "System.Reflection": "4.3.0",
          "System.Runtime": "4.3.0"
        }
      },
      "System.Resources.ResourceManager": {
        "type": "Transitive",
        "resolved": "4.3.0",
        "contentHash": "ahYuQax98jFETXOJ772lgtQJpXC5n9FoagW4CTUvMoprFxGnQZXkrvgL4a/9iAozN+syWqA7qxY/xnTW1Nz8+g==",
        "dependencies": {
          "Microsoft.NETCore.Platforms": "1.1.0",
          "Microsoft.NETCore.Targets": "1.1.0",
          "System.Globalization": "4.3.0",
          "System.Reflection": "4.3.0",
          "System.Runtime": "4.3.0"
        }
      },
      "System.Runtime": {
        "type": "Transitive",
        "resolved": "4.3.0",
        "contentHash": "+Us5d8ltoCeWfnIf8bBOWJb5joD8B16sCXMBfywSuRM9K5eGU0RcIqR2+AzujJIf34hXAAjF3CjpLbPewJ8M4w==",
        "dependencies": {
          "Microsoft.NETCore.Platforms": "1.1.0",
          "Microsoft.NETCore.Targets": "1.1.0"
        }
      },
      "System.Runtime.CompilerServices.Unsafe": {
        "type": "Transitive",
        "resolved": "4.5.2",
        "contentHash": "wprSFgext8cwqymChhrBLu62LMg/1u92bU+VOwyfBimSPVFXtsNqEWC92Pf9ofzJFlk4IHmJA75EDJn1b2goAQ=="
      },
      "System.Runtime.Extensions": {
        "type": "Transitive",
        "resolved": "4.3.0",
        "contentHash": "rQDCNBmWSGApf7uI424z6vAxEcabHLKKhRK7MhMCEWHTNIq1kQFhF277GyLU4Qs/RBquMlM23yaWlMO35LwzhQ==",
        "dependencies": {
          "Microsoft.NETCore.Platforms": "1.1.0",
          "Microsoft.NETCore.Targets": "1.1.0",
          "System.Runtime": "4.3.0"
        }
      },
      "System.Runtime.Handles": {
        "type": "Transitive",
        "resolved": "4.3.0",
        "contentHash": "3D96XZlEl593ngJUiHX31zwE4CyC11EIfpaZxyziTglXYSaDum/iVPio1dsXmsvphd+FBZGE34nMKChRfHBtWQ==",
        "dependencies": {
          "Microsoft.NETCore.Platforms": "1.1.0",
          "Microsoft.NETCore.Targets": "1.1.0",
          "System.Runtime": "4.3.0"
        }
      },
      "System.Runtime.InteropServices": {
        "type": "Transitive",
        "resolved": "4.3.0",
        "contentHash": "i3RrgEgUqV47ECVP21jZiHV36pGDZrUehS1DZYE7ADsIAwkdWGpfEyT5JQXl1GykKWbrHp1yYUM2yuhWRQp/XA==",
        "dependencies": {
          "Microsoft.NETCore.Platforms": "1.1.0",
          "Microsoft.NETCore.Targets": "1.1.0",
          "System.Reflection": "4.3.0",
          "System.Reflection.Primitives": "4.3.0",
          "System.Runtime": "4.3.0",
          "System.Runtime.Handles": "4.3.0"
        }
      },
      "System.Runtime.InteropServices.RuntimeInformation": {
        "type": "Transitive",
        "resolved": "4.3.0",
        "contentHash": "Uoyk0UhshBD/oaHYo+VG2c6oE3Ydql0vSKM0o3H3Id++Y3OVYoItZBFWSfKt8KCkRbfb+3wlviRxHefJZLOn2Q==",
        "dependencies": {
          "System.Reflection": "4.3.0",
          "System.Reflection.Extensions": "4.3.0",
          "System.Resources.ResourceManager": "4.3.0",
          "System.Runtime": "4.3.0",
          "System.Runtime.InteropServices": "4.3.0",
          "System.Threading": "4.3.0",
          "runtime.native.System": "4.3.0"
        }
      },
      "System.Runtime.Numerics": {
        "type": "Transitive",
        "resolved": "4.3.0",
        "contentHash": "Wep3lU0dmSDLo2rxrAiWM92u9zN/PHbEXvMnq5ZOIPUOydCvobfgu9iejsj2O9U/1bRGt6jK5P2FQzH6DkuOHQ==",
        "dependencies": {
          "System.Globalization": "4.3.0",
          "System.Resources.ResourceManager": "4.3.0",
          "System.Runtime": "4.3.0",
          "System.Runtime.Extensions": "4.3.0"
        }
      },
      "System.Security.Cryptography.Algorithms": {
        "type": "Transitive",
        "resolved": "4.3.0",
        "contentHash": "BcmDEkklt2+vbTwvnz64peluKn8ILSNAPdUSgQuyOTLLze5wKrpS6Y5RX0lTFBRhfnJhiFsRvOFTP3EVv9yL7A==",
        "dependencies": {
          "Microsoft.NETCore.Platforms": "1.1.0",
          "System.Collections": "4.3.0",
          "System.IO": "4.3.0",
          "System.Resources.ResourceManager": "4.3.0",
          "System.Runtime": "4.3.0",
          "System.Runtime.Extensions": "4.3.0",
          "System.Runtime.Handles": "4.3.0",
          "System.Runtime.InteropServices": "4.3.0",
          "System.Runtime.Numerics": "4.3.0",
          "System.Security.Cryptography.Encoding": "4.3.0",
          "System.Security.Cryptography.Primitives": "4.3.0",
          "System.Text.Encoding": "4.3.0",
          "runtime.native.System.Security.Cryptography.Apple": "4.3.0",
          "runtime.native.System.Security.Cryptography.OpenSsl": "4.3.0"
        }
      },
      "System.Security.Cryptography.Cng": {
        "type": "Transitive",
        "resolved": "4.3.0",
        "contentHash": "kg2jm7xTaKKHDhF3M/GWykLaNT7cnovqPRJSggC9W3d++E0OahbYtcB0clGOoTSgg2uMtnTdZx5618XYIhLo1A==",
        "dependencies": {
          "Microsoft.NETCore.Platforms": "1.1.0",
          "System.IO": "4.3.0",
          "System.Resources.ResourceManager": "4.3.0",
          "System.Runtime": "4.3.0",
          "System.Runtime.Extensions": "4.3.0",
          "System.Runtime.Handles": "4.3.0",
          "System.Runtime.InteropServices": "4.3.0",
          "System.Security.Cryptography.Algorithms": "4.3.0",
          "System.Security.Cryptography.Encoding": "4.3.0",
          "System.Security.Cryptography.Primitives": "4.3.0",
          "System.Text.Encoding": "4.3.0"
        }
      },
      "System.Security.Cryptography.Csp": {
        "type": "Transitive",
        "resolved": "4.3.0",
        "contentHash": "FLXYsOjJUDq6yOzhX141t42pP5IDVPSnN5h4G8d78pI3Pc0CEt0DAglZR1F+A1sWYD81tOt9BSq9jtROKG3FfA==",
        "dependencies": {
          "Microsoft.NETCore.Platforms": "1.1.0",
          "System.IO": "4.3.0",
          "System.Reflection": "4.3.0",
          "System.Resources.ResourceManager": "4.3.0",
          "System.Runtime": "4.3.0",
          "System.Runtime.Extensions": "4.3.0",
          "System.Runtime.Handles": "4.3.0",
          "System.Runtime.InteropServices": "4.3.0",
          "System.Security.Cryptography.Algorithms": "4.3.0",
          "System.Security.Cryptography.Encoding": "4.3.0",
          "System.Security.Cryptography.Primitives": "4.3.0",
          "System.Text.Encoding": "4.3.0",
          "System.Threading": "4.3.0"
        }
      },
      "System.Security.Cryptography.Encoding": {
        "type": "Transitive",
        "resolved": "4.3.0",
        "contentHash": "PR6C6MsSqP72F51yGTlOJNWJrmrwfpUsO/fDrPW2lDE88WqMymhn/uAYnqbf7rH7trFDUocFZ23gkhkNdhWm8w==",
        "dependencies": {
          "Microsoft.NETCore.Platforms": "1.1.0",
          "System.Collections": "4.3.0",
          "System.Collections.Concurrent": "4.3.0",
          "System.Linq": "4.3.0",
          "System.Resources.ResourceManager": "4.3.0",
          "System.Runtime": "4.3.0",
          "System.Runtime.Extensions": "4.3.0",
          "System.Runtime.Handles": "4.3.0",
          "System.Runtime.InteropServices": "4.3.0",
          "System.Security.Cryptography.Primitives": "4.3.0",
          "System.Text.Encoding": "4.3.0",
          "runtime.native.System.Security.Cryptography.OpenSsl": "4.3.0"
        }
      },
      "System.Security.Cryptography.OpenSsl": {
        "type": "Transitive",
        "resolved": "4.3.0",
        "contentHash": "82vLLmIhp6z+Qyu3NCUJw06Ar03y6Dem73KwvHUiN8iocATMOfZtCn48eSzD1UFjTLo5aiBh/rFKOI7gcyO/Og==",
        "dependencies": {
          "System.Collections": "4.3.0",
          "System.IO": "4.3.0",
          "System.Resources.ResourceManager": "4.3.0",
          "System.Runtime": "4.3.0",
          "System.Runtime.Extensions": "4.3.0",
          "System.Runtime.Handles": "4.3.0",
          "System.Runtime.InteropServices": "4.3.0",
          "System.Runtime.Numerics": "4.3.0",
          "System.Security.Cryptography.Algorithms": "4.3.0",
          "System.Security.Cryptography.Encoding": "4.3.0",
          "System.Security.Cryptography.Primitives": "4.3.0",
          "System.Text.Encoding": "4.3.0",
          "runtime.native.System.Security.Cryptography.OpenSsl": "4.3.0"
        }
      },
      "System.Security.Cryptography.Primitives": {
        "type": "Transitive",
        "resolved": "4.3.0",
        "contentHash": "yHTQNgkhupQPPlsCnfuYYQR/0h1vat9Xy2lCTb9JjVVnTW2o6BEioWckF5DVzLFCs0rfzbBJXYcz6aK4N0IqtA==",
        "dependencies": {
          "System.Diagnostics.Debug": "4.3.0",
          "System.Globalization": "4.3.0",
          "System.IO": "4.3.0",
          "System.Resources.ResourceManager": "4.3.0",
          "System.Runtime": "4.3.0",
          "System.Threading": "4.3.0",
          "System.Threading.Tasks": "4.3.0"
        }
      },
      "System.Security.Cryptography.X509Certificates": {
        "type": "Transitive",
        "resolved": "4.3.0",
        "contentHash": "haFf2yxk4Hx90q+RjMuWY1JNvEfh7K/TtxMKhG1rG+se7m3Gq96DmNDHYcKI9bSR1bCl1D6HTyc6Gfp9nkgx8w==",
        "dependencies": {
          "Microsoft.NETCore.Platforms": "1.1.0",
          "System.Collections": "4.3.0",
          "System.Diagnostics.Debug": "4.3.0",
          "System.Globalization": "4.3.0",
          "System.Globalization.Calendars": "4.3.0",
          "System.IO": "4.3.0",
          "System.IO.FileSystem": "4.3.0",
          "System.IO.FileSystem.Primitives": "4.3.0",
          "System.Resources.ResourceManager": "4.3.0",
          "System.Runtime": "4.3.0",
          "System.Runtime.Extensions": "4.3.0",
          "System.Runtime.Handles": "4.3.0",
          "System.Runtime.InteropServices": "4.3.0",
          "System.Runtime.Numerics": "4.3.0",
          "System.Security.Cryptography.Algorithms": "4.3.0",
          "System.Security.Cryptography.Cng": "4.3.0",
          "System.Security.Cryptography.Csp": "4.3.0",
          "System.Security.Cryptography.Encoding": "4.3.0",
          "System.Security.Cryptography.OpenSsl": "4.3.0",
          "System.Security.Cryptography.Primitives": "4.3.0",
          "System.Text.Encoding": "4.3.0",
          "System.Threading": "4.3.0",
          "runtime.native.System": "4.3.0",
          "runtime.native.System.Net.Http": "4.3.0",
          "runtime.native.System.Security.Cryptography.OpenSsl": "4.3.0"
        }
      },
      "System.Text.Encoding": {
        "type": "Transitive",
        "resolved": "4.3.0",
        "contentHash": "wz+c6oER43EHHhndOPgFcJF2bbQifDj2K24O4MIF3fGCvCieihl6epYsgaBOleXiKZQUf5RTg0zMaMj3P+/mzw==",
        "dependencies": {
          "Microsoft.NETCore.Platforms": "1.1.0",
          "Microsoft.NETCore.Targets": "1.1.0",
          "System.Runtime": "4.3.0"
        }
      },
      "System.Text.Encoding.CodePages": {
        "type": "Transitive",
        "resolved": "4.5.1",
        "contentHash": "4J2JQXbftjPMppIHJ7IC+VXQ9XfEagN92vZZNoG12i+zReYlim5dMoXFC1Zzg7tsnKDM7JPo5bYfFK4Jheq44w==",
        "dependencies": {
          "Microsoft.NETCore.Platforms": "2.1.2",
          "System.Runtime.CompilerServices.Unsafe": "4.5.2"
        }
      },
      "System.Text.Encoding.Extensions": {
        "type": "Transitive",
        "resolved": "4.3.0",
        "contentHash": "G14BIMIhnwS2cq2pcjfkf4eL1Y1foV/G3Ugu9HlX6brrs+DjIGjR9MSaZ9ZeTXm12E/UFXN0GlhKy4gIHwDHbQ==",
        "dependencies": {
          "Microsoft.NETCore.Platforms": "1.1.0",
          "Microsoft.NETCore.Targets": "1.1.0",
          "System.Runtime": "4.3.0",
          "System.Text.Encoding": "4.3.0"
        }
      },
      "System.Text.RegularExpressions": {
        "type": "Transitive",
        "resolved": "4.3.0",
        "contentHash": "6w29jtL4uJaHOufNlWhfRUUQQOKzl9pB5j0WGinZgdcNlBZIiwgxYLeZgqu3cmjDiXh45Gcbfx2riyBuDDMkdA==",
        "dependencies": {
          "System.Runtime": "4.3.0"
        }
      },
      "System.Threading": {
        "type": "Transitive",
        "resolved": "4.3.0",
        "contentHash": "WOBMajXUB5gsR4EL8pe6XEyCT/ZZh04BBcmC3zpHthgsWPKBE0992lNhs9xcuIe8si4hMKO2c3fj562eevFKUQ==",
        "dependencies": {
          "System.Runtime": "4.3.0",
          "System.Threading.Tasks": "4.3.0"
        }
      },
      "System.Threading.Tasks": {
        "type": "Transitive",
        "resolved": "4.3.0",
        "contentHash": "FUFxBbkCTimAjugIWQe7NwIotDIgUVFa99Gt9AUC/XfF+SwHxg+c4W7bZSwuiGPn++/E+FCE8Gydvxyz7MouRg==",
        "dependencies": {
          "Microsoft.NETCore.Platforms": "1.1.0",
          "Microsoft.NETCore.Targets": "1.1.0",
          "System.Runtime": "4.3.0"
        }
      },
      "System.Threading.Tasks.Extensions": {
        "type": "Transitive",
        "resolved": "4.3.0",
        "contentHash": "2WPMvzMiJUAiZk1j5iIVre04MsN9woWuovTM/xsd+ODAk2PNazsFs/7ds7VKtbtIQnXrlFI7Z2xLTKPAPNhVag==",
        "dependencies": {
          "System.Collections": "4.3.0",
          "System.Runtime": "4.3.0",
          "System.Threading.Tasks": "4.3.0"
        }
      },
      "System.Threading.Timer": {
        "type": "Transitive",
        "resolved": "4.3.0",
        "contentHash": "Pn16VphDsnnPdLHqVmsX/pWPqbd8DQuINi+FMsnNsvDydDmcTgw/fB+W0jXDW7MWhe+u+HkEXXVxxGumyXG4mQ==",
        "dependencies": {
          "Microsoft.NETCore.Platforms": "1.1.0",
          "Microsoft.NETCore.Targets": "1.1.0",
          "System.Runtime": "4.3.0"
        }
      },
      "System.ValueTuple": {
        "type": "Transitive",
        "resolved": "4.3.1",
        "contentHash": "fhEim+8fclIh8PKbxOoQXBr0k0coyoCvDkPITPMONh0GDNgtZAcTv1/pyEqO0N181jKTPOhK+6wHjtzLVsunrA==",
        "dependencies": {
          "System.Collections": "4.3.0",
          "System.Resources.ResourceManager": "4.3.0",
          "System.Runtime": "4.3.0"
        }
      },
      "System.Xml.ReaderWriter": {
        "type": "Transitive",
        "resolved": "4.3.0",
        "contentHash": "3iOl7OOPEt/ofFNUHZWRW10jLXQJKn/mPqxVpClb0/JGs4Qp/xp7M+aKv4grhbMatgQCzfODTkaTGdmmJdlL4g==",
        "dependencies": {
          "System.Collections": "4.3.0",
          "System.Diagnostics.Debug": "4.3.0",
          "System.Globalization": "4.3.0",
          "System.IO": "4.3.0",
          "System.IO.FileSystem": "4.3.0",
          "System.IO.FileSystem.Primitives": "4.3.0",
          "System.Resources.ResourceManager": "4.3.0",
          "System.Runtime": "4.3.0",
          "System.Runtime.Extensions": "4.3.0",
          "System.Runtime.InteropServices": "4.3.0",
          "System.Text.Encoding": "4.3.0",
          "System.Text.Encoding.Extensions": "4.3.0",
          "System.Text.RegularExpressions": "4.3.0",
          "System.Threading.Tasks": "4.3.0",
          "System.Threading.Tasks.Extensions": "4.3.0"
        }
      },
      "System.Xml.XDocument": {
        "type": "Transitive",
        "resolved": "4.3.0",
        "contentHash": "iAeLwbuUaFLSgz2+Z4igkptFWRFEboqCDUMl9ovMoy7gQb0VQmjs9Nqr5IfawD+NBaxszJ/5wPo47uFIonLjng==",
        "dependencies": {
          "System.Collections": "4.3.0",
          "System.Diagnostics.Debug": "4.3.0",
          "System.Diagnostics.Tools": "4.3.0",
          "System.Globalization": "4.3.0",
          "System.IO": "4.3.0",
          "System.Reflection": "4.3.0",
          "System.Resources.ResourceManager": "4.3.0",
          "System.Runtime": "4.3.0",
          "System.Runtime.Extensions": "4.3.0",
          "System.Text.Encoding": "4.3.0",
          "System.Threading": "4.3.0",
          "System.Xml.ReaderWriter": "4.3.0"
        }
      }
    }
  }
}